
Microsoft Visual Studio Solution File, Format Version 12.00
# Visual Studio 2013
VisualStudioVersion = 12.0.21005.1
MinimumVisualStudioVersion = 10.0.40219.1
Project("{FAE04EC0-301F-11D3-BF4B-00C04F79EFBC}") = "presentacion", "presentacion\presentacion.csproj", "{2945AF35-5654-430F-97C1-ACA0659D9CDE}"
EndProject
Project("{FAE04EC0-301F-11D3-BF4B-00C04F79EFBC}") = "logica", "logica\logica.csproj", "{6D73506A-68B8-4EF9-A150-4EEFF4969ED6}"
EndProject
Project("{FAE04EC0-301F-11D3-BF4B-00C04F79EFBC}") = "acceso_datos", "acceso_datos\acceso_datos.csproj", "{55D02815-8409-443F-969D-8A20D1599B54}"
EndProject
Global
	GlobalSection(SolutionConfigurationPlatforms) = preSolution
		Debug|Any CPU = Debug|Any CPU
		Release|Any CPU = Release|Any CPU
	EndGlobalSection
	GlobalSection(ProjectConfigurationPlatforms) = postSolution
		{2945AF35-5654-430F-97C1-ACA0659D9CDE}.Debug|Any CPU.ActiveCfg = Debug|Any CPU
		{2945AF35-5654-430F-97C1-ACA0659D9CDE}.Debug|Any CPU.Build.0 = Debug|Any CPU
		{2945AF35-5654-430F-97C1-ACA0659D9CDE}.Release|Any CPU.ActiveCfg = Release|Any CPU
		{2945AF35-5654-430F-97C1-ACA0659D9CDE}.Release|Any CPU.Build.0 = Release|Any CPU
		{6D73506A-68B8-4EF9-A150-4EEFF4969ED6}.Debug|Any CPU.ActiveCfg = Debug|Any CPU
		{6D73506A-68B8-4EF9-A150-4EEFF4969ED6}.Debug|Any CPU.Build.0 = Debug|Any CPU
		{6D73506A-68B8-4EF9-A150-4EEFF4969ED6}.Release|Any CPU.ActiveCfg = Release|Any CPU
		{6D73506A-68B8-4EF9-A150-4EEFF4969ED6}.Release|Any CPU.Build.0 = Release|Any CPU
		{55D02815-8409-443F-969D-8A20D1599B54}.Debug|Any CPU.ActiveCfg = Debug|Any CPU
		{55D02815-8409-443F-969D-8A20D1599B54}.Debug|Any CPU.Build.0 = Debug|Any CPU
		{55D02815-8409-443F-969D-8A20D1599B54}.Release|Any CPU.ActiveCfg = Release|Any CPU
		{55D02815-8409-443F-969D-8A20D1599B54}.Release|Any CPU.Build.0 = Release|Any CPU
	EndGlobalSection
	GlobalSection(SolutionProperties) = preSolution
		HideSolutionNode = FALSE
	EndGlobalSection
EndGlobal
